
Microsoft Visual Studio Solution File, Format Version 12.00
# Visual Studio Version 16
VisualStudioVersion = 16.0.29215.179
MinimumVisualStudioVersion = 10.0.40219.1
Project("{FAE04EC0-301F-11D3-BF4B-00C04F79EFBC}") = "WebShop", "WebShop\WebShop.csproj", "{026F60AD-ED1C-43C5-8B0F-76807E502091}"
EndProject
Project("{FAE04EC0-301F-11D3-BF4B-00C04F79EFBC}") = "WebShop.Infrastructure", "WebShop.Infrastructure\WebShop.Infrastructure.csproj", "{E1905E9A-6F34-4504-A86D-09A721867E94}"
EndProject
Project("{FAE04EC0-301F-11D3-BF4B-00C04F79EFBC}") = "WebShop.Utilities", "WebShop.Utilities\WebShop.Utilities.csproj", "{E6B804C3-32E7-4391-A30C-B03249A0B831}"
EndProject
Project("{FAE04EC0-301F-11D3-BF4B-00C04F79EFBC}") = "WebShop.Data", "WebShop.Data\WebShop.Data.csproj", "{6E0BD99F-BA7A-4105-9487-293939CF8B6A}"
EndProject
Project("{FAE04EC0-301F-11D3-BF4B-00C04F79EFBC}") = "WebShop.Data.EF", "WebShop.Data.EF\WebShop.Data.EF.csproj", "{2953A33E-B2AF-4226-B282-7587E3521F3F}"
EndProject
Project("{FAE04EC0-301F-11D3-BF4B-00C04F79EFBC}") = "WebShop.Application", "WebShop.Application\WebShop.Application.csproj", "{14283070-95B9-4B77-BD9C-080294D42453}"
EndProject
Global
	GlobalSection(SolutionConfigurationPlatforms) = preSolution
		Debug|Any CPU = Debug|Any CPU
		Release|Any CPU = Release|Any CPU
	EndGlobalSection
	GlobalSection(ProjectConfigurationPlatforms) = postSolution
		{026F60AD-ED1C-43C5-8B0F-76807E502091}.Debug|Any CPU.ActiveCfg = Debug|Any CPU
		{026F60AD-ED1C-43C5-8B0F-76807E502091}.Debug|Any CPU.Build.0 = Debug|Any CPU
		{026F60AD-ED1C-43C5-8B0F-76807E502091}.Release|Any CPU.ActiveCfg = Release|Any CPU
		{026F60AD-ED1C-43C5-8B0F-76807E502091}.Release|Any CPU.Build.0 = Release|Any CPU
		{E1905E9A-6F34-4504-A86D-09A721867E94}.Debug|Any CPU.ActiveCfg = Debug|Any CPU
		{E1905E9A-6F34-4504-A86D-09A721867E94}.Debug|Any CPU.Build.0 = Debug|Any CPU
		{E1905E9A-6F34-4504-A86D-09A721867E94}.Release|Any CPU.ActiveCfg = Release|Any CPU
		{E1905E9A-6F34-4504-A86D-09A721867E94}.Release|Any CPU.Build.0 = Release|Any CPU
		{E6B804C3-32E7-4391-A30C-B03249A0B831}.Debug|Any CPU.ActiveCfg = Debug|Any CPU
		{E6B804C3-32E7-4391-A30C-B03249A0B831}.Debug|Any CPU.Build.0 = Debug|Any CPU
		{E6B804C3-32E7-4391-A30C-B03249A0B831}.Release|Any CPU.ActiveCfg = Release|Any CPU
		{E6B804C3-32E7-4391-A30C-B03249A0B831}.Release|Any CPU.Build.0 = Release|Any CPU
		{6E0BD99F-BA7A-4105-9487-293939CF8B6A}.Debug|Any CPU.ActiveCfg = Debug|Any CPU
		{6E0BD99F-BA7A-4105-9487-293939CF8B6A}.Debug|Any CPU.Build.0 = Debug|Any CPU
		{6E0BD99F-BA7A-4105-9487-293939CF8B6A}.Release|Any CPU.ActiveCfg = Release|Any CPU
		{6E0BD99F-BA7A-4105-9487-293939CF8B6A}.Release|Any CPU.Build.0 = Release|Any CPU
		{2953A33E-B2AF-4226-B282-7587E3521F3F}.Debug|Any CPU.ActiveCfg = Debug|Any CPU
		{2953A33E-B2AF-4226-B282-7587E3521F3F}.Debug|Any CPU.Build.0 = Debug|Any CPU
		{2953A33E-B2AF-4226-B282-7587E3521F3F}.Release|Any CPU.ActiveCfg = Release|Any CPU
		{2953A33E-B2AF-4226-B282-7587E3521F3F}.Release|Any CPU.Build.0 = Release|Any CPU
		{14283070-95B9-4B77-BD9C-080294D42453}.Debug|Any CPU.ActiveCfg = Debug|Any CPU
		{14283070-95B9-4B77-BD9C-080294D42453}.Debug|Any CPU.Build.0 = Debug|Any CPU
		{14283070-95B9-4B77-BD9C-080294D42453}.Release|Any CPU.ActiveCfg = Release|Any CPU
		{14283070-95B9-4B77-BD9C-080294D42453}.Release|Any CPU.Build.0 = Release|Any CPU
	EndGlobalSection
	GlobalSection(SolutionProperties) = preSolution
		HideSolutionNode = FALSE
	EndGlobalSection
	GlobalSection(ExtensibilityGlobals) = postSolution
		SolutionGuid = {419EC899-D2F9-469E-A3B9-06F706326A6A}
	EndGlobalSection
EndGlobal
